// !$*UTF8*$!
{
	archiveVersion = 1;
	classes = {
	};
	objectVersion = 46;
	objects = {

/* Begin PBXBuildFile section */
		3FCD5D391BC040C7000569F9 /* States.plist in Resources */ = {isa = PBXBuildFile; fileRef = 3FCD5D381BC040C7000569F9 /* States.plist */; settings = {ASSET_TAGS = (); }; };
		3FF7DE0F1BC0282E00206E0C /* AppDelegate.swift in Sources */ = {isa = PBXBuildFile; fileRef = 3FF7DE0E1BC0282E00206E0C /* AppDelegate.swift */; };
		3FF7DE111BC0282E00206E0C /* StateViewController.swift in Sources */ = {isa = PBXBuildFile; fileRef = 3FF7DE101BC0282E00206E0C /* StateViewController.swift */; };
		3FF7DE141BC0282E00206E0C /* Main.storyboard in Resources */ = {isa = PBXBuildFile; fileRef = 3FF7DE121BC0282E00206E0C /* Main.storyboard */; };
		3FF7DE161BC0282E00206E0C /* Assets.xcassets in Resources */ = {isa = PBXBuildFile; fileRef = 3FF7DE151BC0282E00206E0C /* Assets.xcassets */; };
		3FF7DE191BC0282E00206E0C /* LaunchScreen.storyboard in Resources */ = {isa = PBXBuildFile; fileRef = 3FF7DE171BC0282E00206E0C /* LaunchScreen.storyboard */; };
		3FF7DE211BC0299000206E0C /* AlertViewController.swift in Sources */ = {isa = PBXBuildFile; fileRef = 3FF7DE201BC0299000206E0C /* AlertViewController.swift */; settings = {ASSET_TAGS = (); }; };
/* End PBXBuildFile section */

/* Begin PBXFileReference section */
		3FCD5D381BC040C7000569F9 /* States.plist */ = {isa = PBXFileReference; fileEncoding = 4; lastKnownFileType = text.plist.xml; path = States.plist; sourceTree = "<group>"; };
		3FF7DE0B1BC0282E00206E0C /* weatherAdvisor.app */ = {isa = PBXFileReference; explicitFileType = wrapper.application; includeInIndex = 0; path = weatherAdvisor.app; sourceTree = BUILT_PRODUCTS_DIR; };
		3FF7DE0E1BC0282E00206E0C /* AppDelegate.swift */ = {isa = PBXFileReference; lastKnownFileType = sourcecode.swift; path = AppDelegate.swift; sourceTree = "<group>"; };
		3FF7DE101BC0282E00206E0C /* StateViewController.swift */ = {isa = PBXFileReference; lastKnownFileType = sourcecode.swift; path = StateViewController.swift; sourceTree = "<group>"; };
		3FF7DE131BC0282E00206E0C /* Base */ = {isa = PBXFileReference; lastKnownFileType = file.storyboard; name = Base; path = Base.lproj/Main.storyboard; sourceTree = "<group>"; };
		3FF7DE151BC0282E00206E0C /* Assets.xcassets */ = {isa = PBXFileReference; lastKnownFileType = folder.assetcatalog; path = Assets.xcassets; sourceTree = "<group>"; };
		3FF7DE181BC0282E00206E0C /* Base */ = {isa = PBXFileReference; lastKnownFileType = file.storyboard; name = Base; path = Base.lproj/LaunchScreen.storyboard; sourceTree = "<group>"; };
		3FF7DE1A1BC0282E00206E0C /* Info.plist */ = {isa = PBXFileReference; lastKnownFileType = text.plist.xml; path = Info.plist; sourceTree = "<group>"; };
		3FF7DE201BC0299000206E0C /* AlertViewController.swift */ = {isa = PBXFileReference; fileEncoding = 4; lastKnownFileType = sourcecode.swift; path = AlertViewController.swift; sourceTree = "<group>"; };
/* End PBXFileReference section */

/* Begin PBXFrameworksBuildPhase section */
		3FF7DE081BC0282E00206E0C /* Frameworks */ = {
			isa = PBXFrameworksBuildPhase;
			buildActionMask = 2147483647;
			files = (
			);
			runOnlyForDeploymentPostprocessing = 0;
		};
/* End PBXFrameworksBuildPhase section */

/* Begin PBXGroup section */
		3FF7DE021BC0282E00206E0C = {
			isa = PBXGroup;
			children = (
				3FF7DE0D1BC0282E00206E0C /* weatherAdvisor */,
				3FF7DE0C1BC0282E00206E0C /* Products */,
			);
			sourceTree = "<group>";
		};
		3FF7DE0C1BC0282E00206E0C /* Products */ = {
			isa = PBXGroup;
			children = (
				3FF7DE0B1BC0282E00206E0C /* weatherAdvisor.app */,
			);
			name = Products;
			sourceTree = "<group>";
		};
		3FF7DE0D1BC0282E00206E0C /* weatherAdvisor */ = {
			isa = PBXGroup;
			children = (
				3FF7DE0E1BC0282E00206E0C /* AppDelegate.swift */,
				3FF7DE101BC0282E00206E0C /* StateViewController.swift */,
				3FF7DE121BC0282E00206E0C /* Main.storyboard */,
				3FF7DE151BC0282E00206E0C /* Assets.xcassets */,
				3FF7DE171BC0282E00206E0C /* LaunchScreen.storyboard */,
				3FF7DE1A1BC0282E00206E0C /* Info.plist */,
				3FF7DE201BC0299000206E0C /* AlertViewController.swift */,
				3FCD5D381BC040C7000569F9 /* States.plist */,
			);
			path = weatherAdvisor;
			sourceTree = "<group>";
		};
/* End PBXGroup section */

/* Begin PBXNativeTarget section */
		3FF7DE0A1BC0282E00206E0C /* weatherAdvisor */ = {
			isa = PBXNativeTarget;
			buildConfigurationList = 3FF7DE1D1BC0282E00206E0C /* Build configuration list for PBXNativeTarget "weatherAdvisor" */;
			buildPhases = (
				3FF7DE071BC0282E00206E0C /* Sources */,
				3FF7DE081BC0282E00206E0C /* Frameworks */,
				3FF7DE091BC0282E00206E0C /* Resources */,
			);
			buildRules = (
			);
			dependencies = (
			);
			name = weatherAdvisor;
			productName = weatherAdvisor;
			productReference = 3FF7DE0B1BC0282E00206E0C /* weatherAdvisor.app */;
			productType = "com.apple.product-type.application";
		};
/* End PBXNativeTarget section */

/* Begin PBXProject section */
		3FF7DE031BC0282E00206E0C /* Project object */ = {
			isa = PBXProject;
			attributes = {
				LastUpgradeCheck = 0700;
				ORGANIZATIONNAME = "Jonah Austin";
				TargetAttributes = {
					3FF7DE0A1BC0282E00206E0C = {
						CreatedOnToolsVersion = 7.0.1;
					};
				};
			};
			buildConfigurationList = 3FF7DE061BC0282E00206E0C /* Build configuration list for PBXProject "weatherAdvisor" */;
			compatibilityVersion = "Xcode 3.2";
			developmentRegion = English;
			hasScannedForEncodings = 0;
			knownRegions = (
				en,
				Base,
			);
			mainGroup = 3FF7DE021BC0282E00206E0C;
			productRefGroup = 3FF7DE0C1BC0282E00206E0C /* Products */;
			projectDirPath = "";
			projectRoot = "";
			targets = (
				3FF7DE0A1BC0282E00206E0C /* weatherAdvisor */,
			);
		};
/* End PBXProject section */

/* Begin PBXResourcesBuildPhase section */
		3FF7DE091BC0282E00206E0C /* Resources */ = {
			isa = PBXResourcesBuildPhase;
			buildActionMask = 2147483647;
			files = (
				3FF7DE191BC0282E00206E0C /* LaunchScreen.storyboard in Resources */,
				3FF7DE161BC0282E00206E0C /* Assets.xcassets in Resources */,
				3FCD5D391BC040C7000569F9 /* States.plist in Resources */,
				3FF7DE141BC0282E00206E0C /* Main.storyboard in Resources */,
			);
			runOnlyForDeploymentPostprocessing = 0;
		};
/* End PBXResourcesBuildPhase section */

/* Begin PBXSourcesBuildPhase section */
		3FF7DE071BC0282E00206E0C /* Sources */ = {
			isa = PBXSourcesBuildPhase;
			buildActionMask = 2147483647;
			files = (
				3FF7DE111BC0282E00206E0C /* StateViewController.swift in Sources */,
				3FF7DE211BC0299000206E0C /* AlertViewController.swift in Sources */,
				3FF7DE0F1BC0282E00206E0C /* AppDelegate.swift in Sources */,
			);
			runOnlyForDeploymentPostprocessing = 0;
		};
/* End PBXSourcesBuildPhase section */

/* Begin PBXVariantGroup section */
		3FF7DE121BC0282E00206E0C /* Main.storyboard */ = {
			isa = PBXVariantGroup;
			children = (
				3FF7DE131BC0282E00206E0C /* Base */,
			);
			name = Main.storyboard;
			sourceTree = "<group>";
		};
		3FF7DE171BC0282E00206E0C /* LaunchScreen.storyboard */ = {
			isa = PBXVariantGroup;
			children = (
				3FF7DE181BC0282E00206E0C /* Base */,
			);
			name = LaunchScreen.storyboard;
			sourceTree = "<group>";
		};
/* End PBXVariantGroup section */

/* Begin XCBuildConfiguration section */
		3FF7DE1B1BC0282E00206E0C /* Debug */ = {
			isa = XCBuildConfiguration;
			buildSettings = {
				ALWAYS_SEARCH_USER_PATHS = NO;
				CLANG_CXX_LANGUAGE_STANDARD = "gnu++0x";
				CLANG_CXX_LIBRARY = "libc++";
				CLANG_ENABLE_MODULES = YES;
				CLANG_ENABLE_OBJC_ARC = YES;
				CLANG_WARN_BOOL_CONVERSION = YES;
				CLANG_WARN_CONSTANT_CONVERSION = YES;
				CLANG_WARN_DIRECT_OBJC_ISA_USAGE = YES_ERROR;
				CLANG_WARN_EMPTY_BODY = YES;
				CLANG_WARN_ENUM_CONVERSION = YES;
				CLANG_WARN_INT_CONVERSION = YES;
				CLANG_WARN_OBJC_ROOT_CLASS = YES_ERROR;
				CLANG_WARN_UNREACHABLE_CODE = YES;
				CLANG_WARN__DUPLICATE_METHOD_MATCH = YES;
				"CODE_SIGN_IDENTITY[sdk=iphoneos*]" = "iPhone Developer";
				COPY_PHASE_STRIP = NO;
				DEBUG_INFORMATION_FORMAT = dwarf;
				ENABLE_STRICT_OBJC_MSGSEND = YES;
				ENABLE_TESTABILITY = YES;
				GCC_C_LANGUAGE_STANDARD = gnu99;
				GCC_DYNAMIC_NO_PIC = NO;
				GCC_NO_COMMON_BLOCKS = YES;
				GCC_OPTIMIZATION_LEVEL = 0;
				GCC_PREPROCESSOR_DEFINITIONS = (
					"DEBUG=1",
					"$(inherited)",
				);
				GCC_WARN_64_TO_32_BIT_CONVERSION = YES;
				GCC_WARN_ABOUT_RETURN_TYPE = YES_ERROR;
				GCC_WARN_UNDECLARED_SELECTOR = YES;
				GCC_WARN_UNINITIALIZED_AUTOS = YES_AGGRESSIVE;
				GCC_WARN_UNUSED_FUNCTION = YES;
				GCC_WARN_UNUSED_VARIABLE = YES;
				IPHONEOS_DEPLOYMENT_TARGET = 9.0;
				MTL_ENABLE_DEBUG_INFO = YES;
				ONLY_ACTIVE_ARCH = YES;
				SDKROOT = iphoneos;
				SWIFT_OPTIMIZATION_LEVEL = "-Onone";
				TARGETED_DEVICE_FAMILY = "1,2";
			};
			name = Debug;
		};
		3FF7DE1C1BC0282E00206E0C /* Release */ = {
			isa = XCBuildConfiguration;
			buildSettings = {
				ALWAYS_SEARCH_USER_PATHS = NO;
				CLANG_CXX_LANGUAGE_STANDARD = "gnu++0x";
				CLANG_CXX_LIBRARY = "libc++";
				CLANG_ENABLE_MODULES = YES;
				CLANG_ENABLE_OBJC_ARC = YES;
				CLANG_WARN_BOOL_CONVERSION = YES;
				CLANG_WARN_CONSTANT_CONVERSION = YES;
				CLANG_WARN_DIRECT_OBJC_ISA_USAGE = YES_ERROR;
				CLANG_WARN_EMPTY_BODY = YES;
				CLANG_WARN_ENUM_CONVERSION = YES;
				CLANG_WARN_INT_CONVERSION = YES;
				CLANG_WARN_OBJC_ROOT_CLASS = YES_ERROR;
				CLANG_WARN_UNREACHABLE_CODE = YES;
				CLANG_WARN__DUPLICATE_METHOD_MATCH = YES;
				"CODE_SIGN_IDENTITY[sdk=iphoneos*]" = "iPhone Developer";
				COPY_PHASE_STRIP = NO;
				DEBUG_INFORMATION_FORMAT = "dwarf-with-dsym";
				ENABLE_NS_ASSERTIONS = NO;
				ENABLE_STRICT_OBJC_MSGSEND = YES;
				GCC_C_LANGUAGE_STANDARD = gnu99;
				GCC_NO_COMMON_BLOCKS = YES;
				GCC_WARN_64_TO_32_BIT_CONVERSION = YES;
				GCC_WARN_ABOUT_RETURN_TYPE = YES_ERROR;
				GCC_WARN_UNDECLARED_SELECTOR = YES;
				GCC_WARN_UNINITIALIZED_AUTOS = YES_AGGRESSIVE;
				GCC_WARN_UNUSED_FUNCTION = YES;
				GCC_WARN_UNUSED_VARIABLE = YES;
				IPHONEOS_DEPLOYMENT_TARGET = 9.0;
				MTL_ENABLE_DEBUG_INFO = NO;
				SDKROOT = iphoneos;
				TARGETED_DEVICE_FAMILY = "1,2";
				VALIDATE_PRODUCT = YES;
			};
			name = Release;
		};
		3FF7DE1E1BC0282E00206E0C /* Debug */ = {
			isa = XCBuildConfiguration;
			buildSettings = {
				ASSETCATALOG_COMPILER_APPICON_NAME = AppIcon;
				INFOPLIST_FILE = weatherAdvisor/Info.plist;
				LD_RUNPATH_SEARCH_PATHS = "$(inherited) @executable_path/Frameworks";
				PRODUCT_BUNDLE_IDENTIFIER = edu.bsu.jcaustin.weatherAdvisor;
				PRODUCT_NAME = "$(TARGET_NAME)";
			};
			name = Debug;
		};
		3FF7DE1F1BC0282E00206E0C /* Release */ = {
			isa = XCBuildConfiguration;
			buildSettings = {
				ASSETCATALOG_COMPILER_APPICON_NAME = AppIcon;
				INFOPLIST_FILE = weatherAdvisor/Info.plist;
				LD_RUNPATH_SEARCH_PATHS = "$(inherited) @executable_path/Frameworks";
				PRODUCT_BUNDLE_IDENTIFIER = edu.bsu.jcaustin.weatherAdvisor;
				PRODUCT_NAME = "$(TARGET_NAME)";
			};
			name = Release;
		};
/* End XCBuildConfiguration section */

/* Begin XCConfigurationList section */
		3FF7DE061BC0282E00206E0C /* Build configuration list for PBXProject "weatherAdvisor" */ = {
			isa = XCConfigurationList;
			buildConfigurations = (
				3FF7DE1B1BC0282E00206E0C /* Debug */,
				3FF7DE1C1BC0282E00206E0C /* Release */,
			);
			defaultConfigurationIsVisible = 0;
			defaultConfigurationName = Release;
		};
		3FF7DE1D1BC0282E00206E0C /* Build configuration list for PBXNativeTarget "weatherAdvisor" */ = {
			isa = XCConfigurationList;
			buildConfigurations = (
				3FF7DE1E1BC0282E00206E0C /* Debug */,
				3FF7DE1F1BC0282E00206E0C /* Release */,
			);
			defaultConfigurationIsVisible = 0;
			defaultConfigurationName = Release;
		};
/* End XCConfigurationList section */
	};
	rootObject = 3FF7DE031BC0282E00206E0C /* Project object */;
}
