// !$*UTF8*$!
{
	archiveVersion = 1;
	classes = {
	};
	objectVersion = 46;
	objects = {

/* Begin PBXBuildFile section */
		3F63262A1DAD962600259BB3 /* weatherAdvisorUITests.swift in Sources */ = {isa = PBXBuildFile; fileRef = 3F6326291DAD962600259BB3 /* weatherAdvisorUITests.swift */; };
		3F8BF05E1DAD6A8700ED1C51 /* weatherAdvisorTests.swift in Sources */ = {isa = PBXBuildFile; fileRef = 3F8BF05D1DAD6A8700ED1C51 /* weatherAdvisorTests.swift */; };
		3FCD5D391BC040C7000569F9 /* States.plist in Resources */ = {isa = PBXBuildFile; fileRef = 3FCD5D381BC040C7000569F9 /* States.plist */; };
		3FCD5D3B1BC06DC0000569F9 /* AlertDetailsViewController.swift in Sources */ = {isa = PBXBuildFile; fileRef = 3FCD5D3A1BC06DC0000569F9 /* AlertDetailsViewController.swift */; };
		3FCD5D3D1BC06F16000569F9 /* WeatherAlert.swift in Sources */ = {isa = PBXBuildFile; fileRef = 3FCD5D3C1BC06F16000569F9 /* WeatherAlert.swift */; };
		3FF7DE0F1BC0282E00206E0C /* AppDelegate.swift in Sources */ = {isa = PBXBuildFile; fileRef = 3FF7DE0E1BC0282E00206E0C /* AppDelegate.swift */; };
		3FF7DE111BC0282E00206E0C /* StateViewController.swift in Sources */ = {isa = PBXBuildFile; fileRef = 3FF7DE101BC0282E00206E0C /* StateViewController.swift */; };
		3FF7DE141BC0282E00206E0C /* Main.storyboard in Resources */ = {isa = PBXBuildFile; fileRef = 3FF7DE121BC0282E00206E0C /* Main.storyboard */; };
		3FF7DE161BC0282E00206E0C /* Assets.xcassets in Resources */ = {isa = PBXBuildFile; fileRef = 3FF7DE151BC0282E00206E0C /* Assets.xcassets */; };
		3FF7DE191BC0282E00206E0C /* LaunchScreen.storyboard in Resources */ = {isa = PBXBuildFile; fileRef = 3FF7DE171BC0282E00206E0C /* LaunchScreen.storyboard */; };
		3FF7DE211BC0299000206E0C /* AlertViewController.swift in Sources */ = {isa = PBXBuildFile; fileRef = 3FF7DE201BC0299000206E0C /* AlertViewController.swift */; };
/* End PBXBuildFile section */

/* Begin PBXContainerItemProxy section */
		3F63262C1DAD962600259BB3 /* PBXContainerItemProxy */ = {
			isa = PBXContainerItemProxy;
			containerPortal = 3FF7DE031BC0282E00206E0C /* Project object */;
			proxyType = 1;
			remoteGlobalIDString = 3FF7DE0A1BC0282E00206E0C;
			remoteInfo = weatherAdvisor;
		};
		3F8BF0601DAD6A8700ED1C51 /* PBXContainerItemProxy */ = {
			isa = PBXContainerItemProxy;
			containerPortal = 3FF7DE031BC0282E00206E0C /* Project object */;
			proxyType = 1;
			remoteGlobalIDString = 3FF7DE0A1BC0282E00206E0C;
			remoteInfo = weatherAdvisor;
		};
/* End PBXContainerItemProxy section */

/* Begin PBXFileReference section */
		3F6326271DAD962600259BB3 /* weatherAdvisorUITests.xctest */ = {isa = PBXFileReference; explicitFileType = wrapper.cfbundle; includeInIndex = 0; path = weatherAdvisorUITests.xctest; sourceTree = BUILT_PRODUCTS_DIR; };
		3F6326291DAD962600259BB3 /* weatherAdvisorUITests.swift */ = {isa = PBXFileReference; lastKnownFileType = sourcecode.swift; path = weatherAdvisorUITests.swift; sourceTree = "<group>"; };
		3F63262B1DAD962600259BB3 /* Info.plist */ = {isa = PBXFileReference; lastKnownFileType = text.plist.xml; path = Info.plist; sourceTree = "<group>"; };
		3F8BF05B1DAD6A8700ED1C51 /* weatherAdvisorTests.xctest */ = {isa = PBXFileReference; explicitFileType = wrapper.cfbundle; includeInIndex = 0; path = weatherAdvisorTests.xctest; sourceTree = BUILT_PRODUCTS_DIR; };
		3F8BF05D1DAD6A8700ED1C51 /* weatherAdvisorTests.swift */ = {isa = PBXFileReference; lastKnownFileType = sourcecode.swift; path = weatherAdvisorTests.swift; sourceTree = "<group>"; };
		3F8BF05F1DAD6A8700ED1C51 /* Info.plist */ = {isa = PBXFileReference; lastKnownFileType = text.plist.xml; path = Info.plist; sourceTree = "<group>"; };
		3FCD5D381BC040C7000569F9 /* States.plist */ = {isa = PBXFileReference; fileEncoding = 4; lastKnownFileType = text.plist.xml; path = States.plist; sourceTree = "<group>"; };
		3FCD5D3A1BC06DC0000569F9 /* AlertDetailsViewController.swift */ = {isa = PBXFileReference; fileEncoding = 4; lastKnownFileType = sourcecode.swift; path = AlertDetailsViewController.swift; sourceTree = "<group>"; };
		3FCD5D3C1BC06F16000569F9 /* WeatherAlert.swift */ = {isa = PBXFileReference; fileEncoding = 4; lastKnownFileType = sourcecode.swift; path = WeatherAlert.swift; sourceTree = "<group>"; };
		3FF7DE0B1BC0282E00206E0C /* weatherAdvisor.app */ = {isa = PBXFileReference; explicitFileType = wrapper.application; includeInIndex = 0; path = weatherAdvisor.app; sourceTree = BUILT_PRODUCTS_DIR; };
		3FF7DE0E1BC0282E00206E0C /* AppDelegate.swift */ = {isa = PBXFileReference; lastKnownFileType = sourcecode.swift; path = AppDelegate.swift; sourceTree = "<group>"; };
		3FF7DE101BC0282E00206E0C /* StateViewController.swift */ = {isa = PBXFileReference; lastKnownFileType = sourcecode.swift; path = StateViewController.swift; sourceTree = "<group>"; };
		3FF7DE131BC0282E00206E0C /* Base */ = {isa = PBXFileReference; lastKnownFileType = file.storyboard; name = Base; path = Base.lproj/Main.storyboard; sourceTree = "<group>"; };
		3FF7DE151BC0282E00206E0C /* Assets.xcassets */ = {isa = PBXFileReference; lastKnownFileType = folder.assetcatalog; path = Assets.xcassets; sourceTree = "<group>"; };
		3FF7DE181BC0282E00206E0C /* Base */ = {isa = PBXFileReference; lastKnownFileType = file.storyboard; name = Base; path = Base.lproj/LaunchScreen.storyboard; sourceTree = "<group>"; };
		3FF7DE1A1BC0282E00206E0C /* Info.plist */ = {isa = PBXFileReference; lastKnownFileType = text.plist.xml; path = Info.plist; sourceTree = "<group>"; };
		3FF7DE201BC0299000206E0C /* AlertViewController.swift */ = {isa = PBXFileReference; fileEncoding = 4; lastKnownFileType = sourcecode.swift; path = AlertViewController.swift; sourceTree = "<group>"; };
/* End PBXFileReference section */

/* Begin PBXFrameworksBuildPhase section */
		3F6326241DAD962600259BB3 /* Frameworks */ = {
			isa = PBXFrameworksBuildPhase;
			buildActionMask = 2147483647;
			files = (
			);
			runOnlyForDeploymentPostprocessing = 0;
		};
		3F8BF0581DAD6A8700ED1C51 /* Frameworks */ = {
			isa = PBXFrameworksBuildPhase;
			buildActionMask = 2147483647;
			files = (
			);
			runOnlyForDeploymentPostprocessing = 0;
		};
		3FF7DE081BC0282E00206E0C /* Frameworks */ = {
			isa = PBXFrameworksBuildPhase;
			buildActionMask = 2147483647;
			files = (
			);
			runOnlyForDeploymentPostprocessing = 0;
		};
/* End PBXFrameworksBuildPhase section */

/* Begin PBXGroup section */
		3F6326281DAD962600259BB3 /* weatherAdvisorUITests */ = {
			isa = PBXGroup;
			children = (
				3F6326291DAD962600259BB3 /* weatherAdvisorUITests.swift */,
				3F63262B1DAD962600259BB3 /* Info.plist */,
			);
			path = weatherAdvisorUITests;
			sourceTree = "<group>";
		};
		3F8BF05C1DAD6A8700ED1C51 /* weatherAdvisorTests */ = {
			isa = PBXGroup;
			children = (
				3F8BF05D1DAD6A8700ED1C51 /* weatherAdvisorTests.swift */,
				3F8BF05F1DAD6A8700ED1C51 /* Info.plist */,
			);
			path = weatherAdvisorTests;
			sourceTree = "<group>";
		};
		3FF7DE021BC0282E00206E0C = {
			isa = PBXGroup;
			children = (
				3FF7DE0D1BC0282E00206E0C /* weatherAdvisor */,
				3F8BF05C1DAD6A8700ED1C51 /* weatherAdvisorTests */,
				3F6326281DAD962600259BB3 /* weatherAdvisorUITests */,
				3FF7DE0C1BC0282E00206E0C /* Products */,
			);
			sourceTree = "<group>";
		};
		3FF7DE0C1BC0282E00206E0C /* Products */ = {
			isa = PBXGroup;
			children = (
				3FF7DE0B1BC0282E00206E0C /* weatherAdvisor.app */,
				3F8BF05B1DAD6A8700ED1C51 /* weatherAdvisorTests.xctest */,
				3F6326271DAD962600259BB3 /* weatherAdvisorUITests.xctest */,
			);
			name = Products;
			sourceTree = "<group>";
		};
		3FF7DE0D1BC0282E00206E0C /* weatherAdvisor */ = {
			isa = PBXGroup;
			children = (
				3FF7DE1A1BC0282E00206E0C /* Info.plist */,
				3FCD5D381BC040C7000569F9 /* States.plist */,
				3FCD5D3A1BC06DC0000569F9 /* AlertDetailsViewController.swift */,
				3FF7DE201BC0299000206E0C /* AlertViewController.swift */,
				3FF7DE0E1BC0282E00206E0C /* AppDelegate.swift */,
				3FF7DE101BC0282E00206E0C /* StateViewController.swift */,
				3FF7DE151BC0282E00206E0C /* Assets.xcassets */,
				3FF7DE171BC0282E00206E0C /* LaunchScreen.storyboard */,
				3FF7DE121BC0282E00206E0C /* Main.storyboard */,
				3FCD5D3C1BC06F16000569F9 /* WeatherAlert.swift */,
			);
			path = weatherAdvisor;
			sourceTree = "<group>";
		};
/* End PBXGroup section */

/* Begin PBXNativeTarget section */
		3F6326261DAD962600259BB3 /* weatherAdvisorUITests */ = {
			isa = PBXNativeTarget;
			buildConfigurationList = 3F6326301DAD962600259BB3 /* Build configuration list for PBXNativeTarget "weatherAdvisorUITests" */;
			buildPhases = (
				3F6326231DAD962600259BB3 /* Sources */,
				3F6326241DAD962600259BB3 /* Frameworks */,
				3F6326251DAD962600259BB3 /* Resources */,
			);
			buildRules = (
			);
			dependencies = (
				3F63262D1DAD962600259BB3 /* PBXTargetDependency */,
			);
			name = weatherAdvisorUITests;
			productName = weatherAdvisorUITests;
			productReference = 3F6326271DAD962600259BB3 /* weatherAdvisorUITests.xctest */;
			productType = "com.apple.product-type.bundle.ui-testing";
		};
		3F8BF05A1DAD6A8700ED1C51 /* weatherAdvisorTests */ = {
			isa = PBXNativeTarget;
			buildConfigurationList = 3F8BF0621DAD6A8700ED1C51 /* Build configuration list for PBXNativeTarget "weatherAdvisorTests" */;
			buildPhases = (
				3F8BF0571DAD6A8700ED1C51 /* Sources */,
				3F8BF0581DAD6A8700ED1C51 /* Frameworks */,
				3F8BF0591DAD6A8700ED1C51 /* Resources */,
			);
			buildRules = (
			);
			dependencies = (
				3F8BF0611DAD6A8700ED1C51 /* PBXTargetDependency */,
			);
			name = weatherAdvisorTests;
			productName = weatherAdvisorTests;
			productReference = 3F8BF05B1DAD6A8700ED1C51 /* weatherAdvisorTests.xctest */;
			productType = "com.apple.product-type.bundle.unit-test";
		};
		3FF7DE0A1BC0282E00206E0C /* weatherAdvisor */ = {
			isa = PBXNativeTarget;
			buildConfigurationList = 3FF7DE1D1BC0282E00206E0C /* Build configuration list for PBXNativeTarget "weatherAdvisor" */;
			buildPhases = (
				3FF7DE071BC0282E00206E0C /* Sources */,
				3FF7DE081BC0282E00206E0C /* Frameworks */,
				3FF7DE091BC0282E00206E0C /* Resources */,
			);
			buildRules = (
			);
			dependencies = (
			);
			name = weatherAdvisor;
			productName = weatherAdvisor;
			productReference = 3FF7DE0B1BC0282E00206E0C /* weatherAdvisor.app */;
			productType = "com.apple.product-type.application";
		};
/* End PBXNativeTarget section */

/* Begin PBXProject section */
		3FF7DE031BC0282E00206E0C /* Project object */ = {
			isa = PBXProject;
			attributes = {
				LastSwiftUpdateCheck = 0800;
				LastUpgradeCheck = 0800;
				ORGANIZATIONNAME = "Jonah Austin";
				TargetAttributes = {
					3F6326261DAD962600259BB3 = {
						CreatedOnToolsVersion = 8.0;
						DevelopmentTeam = XZJ5828M29;
						ProvisioningStyle = Automatic;
						TestTargetID = 3FF7DE0A1BC0282E00206E0C;
					};
					3F8BF05A1DAD6A8700ED1C51 = {
						CreatedOnToolsVersion = 8.0;
						DevelopmentTeam = XZJ5828M29;
						ProvisioningStyle = Automatic;
						TestTargetID = 3FF7DE0A1BC0282E00206E0C;
					};
					3FF7DE0A1BC0282E00206E0C = {
						CreatedOnToolsVersion = 7.0.1;
						LastSwiftMigration = 0800;
					};
				};
			};
			buildConfigurationList = 3FF7DE061BC0282E00206E0C /* Build configuration list for PBXProject "weatherAdvisor" */;
			compatibilityVersion = "Xcode 3.2";
			developmentRegion = English;
			hasScannedForEncodings = 0;
			knownRegions = (
				en,
				Base,
			);
			mainGroup = 3FF7DE021BC0282E00206E0C;
			productRefGroup = 3FF7DE0C1BC0282E00206E0C /* Products */;
			projectDirPath = "";
			projectRoot = "";
			targets = (
				3FF7DE0A1BC0282E00206E0C /* weatherAdvisor */,
				3F8BF05A1DAD6A8700ED1C51 /* weatherAdvisorTests */,
				3F6326261DAD962600259BB3 /* weatherAdvisorUITests */,
			);
		};
/* End PBXProject section */

/* Begin PBXResourcesBuildPhase section */
		3F6326251DAD962600259BB3 /* Resources */ = {
			isa = PBXResourcesBuildPhase;
			buildActionMask = 2147483647;
			files = (
			);
			runOnlyForDeploymentPostprocessing = 0;
		};
		3F8BF0591DAD6A8700ED1C51 /* Resources */ = {
			isa = PBXResourcesBuildPhase;
			buildActionMask = 2147483647;
			files = (
			);
			runOnlyForDeploymentPostprocessing = 0;
		};
		3FF7DE091BC0282E00206E0C /* Resources */ = {
			isa = PBXResourcesBuildPhase;
			buildActionMask = 2147483647;
			files = (
				3FF7DE191BC0282E00206E0C /* LaunchScreen.storyboard in Resources */,
				3FF7DE161BC0282E00206E0C /* Assets.xcassets in Resources */,
				3FCD5D391BC040C7000569F9 /* States.plist in Resources */,
				3FF7DE141BC0282E00206E0C /* Main.storyboard in Resources */,
			);
			runOnlyForDeploymentPostprocessing = 0;
		};
/* End PBXResourcesBuildPhase section */

/* Begin PBXSourcesBuildPhase section */
		3F6326231DAD962600259BB3 /* Sources */ = {
			isa = PBXSourcesBuildPhase;
			buildActionMask = 2147483647;
			files = (
				3F63262A1DAD962600259BB3 /* weatherAdvisorUITests.swift in Sources */,
			);
			runOnlyForDeploymentPostprocessing = 0;
		};
		3F8BF0571DAD6A8700ED1C51 /* Sources */ = {
			isa = PBXSourcesBuildPhase;
			buildActionMask = 2147483647;
			files = (
				3F8BF05E1DAD6A8700ED1C51 /* weatherAdvisorTests.swift in Sources */,
			);
			runOnlyForDeploymentPostprocessing = 0;
		};
		3FF7DE071BC0282E00206E0C /* Sources */ = {
			isa = PBXSourcesBuildPhase;
			buildActionMask = 2147483647;
			files = (
				3FCD5D3B1BC06DC0000569F9 /* AlertDetailsViewController.swift in Sources */,
				3FF7DE111BC0282E00206E0C /* StateViewController.swift in Sources */,
				3FCD5D3D1BC06F16000569F9 /* WeatherAlert.swift in Sources */,
				3FF7DE211BC0299000206E0C /* AlertViewController.swift in Sources */,
				3FF7DE0F1BC0282E00206E0C /* AppDelegate.swift in Sources */,
			);
			runOnlyForDeploymentPostprocessing = 0;
		};
/* End PBXSourcesBuildPhase section */

/* Begin PBXTargetDependency section */
		3F63262D1DAD962600259BB3 /* PBXTargetDependency */ = {
			isa = PBXTargetDependency;
			target = 3FF7DE0A1BC0282E00206E0C /* weatherAdvisor */;
			targetProxy = 3F63262C1DAD962600259BB3 /* PBXContainerItemProxy */;
		};
		3F8BF0611DAD6A8700ED1C51 /* PBXTargetDependency */ = {
			isa = PBXTargetDependency;
			target = 3FF7DE0A1BC0282E00206E0C /* weatherAdvisor */;
			targetProxy = 3F8BF0601DAD6A8700ED1C51 /* PBXContainerItemProxy */;
		};
/* End PBXTargetDependency section */

/* Begin PBXVariantGroup section */
		3FF7DE121BC0282E00206E0C /* Main.storyboard */ = {
			isa = PBXVariantGroup;
			children = (
				3FF7DE131BC0282E00206E0C /* Base */,
			);
			name = Main.storyboard;
			sourceTree = "<group>";
		};
		3FF7DE171BC0282E00206E0C /* LaunchScreen.storyboard */ = {
			isa = PBXVariantGroup;
			children = (
				3FF7DE181BC0282E00206E0C /* Base */,
			);
			name = LaunchScreen.storyboard;
			sourceTree = "<group>";
		};
/* End PBXVariantGroup section */

/* Begin XCBuildConfiguration section */
		3F63262E1DAD962600259BB3 /* Debug */ = {
			isa = XCBuildConfiguration;
			buildSettings = {
				CLANG_ANALYZER_NONNULL = YES;
				CLANG_WARN_DOCUMENTATION_COMMENTS = YES;
				CLANG_WARN_SUSPICIOUS_MOVES = YES;
				DEVELOPMENT_TEAM = XZJ5828M29;
				INFOPLIST_FILE = weatherAdvisorUITests/Info.plist;
				IPHONEOS_DEPLOYMENT_TARGET = 10.0;
				LD_RUNPATH_SEARCH_PATHS = "$(inherited) @executable_path/Frameworks @loader_path/Frameworks";
				PRODUCT_BUNDLE_IDENTIFIER = edu.bsu.jcaustin.weatherAdvisorUITests;
				PRODUCT_NAME = "$(TARGET_NAME)";
				SWIFT_ACTIVE_COMPILATION_CONDITIONS = DEBUG;
				SWIFT_VERSION = 3.0;
				TEST_TARGET_NAME = weatherAdvisor;
			};
			name = Debug;
		};
		3F63262F1DAD962600259BB3 /* Release */ = {
			isa = XCBuildConfiguration;
			buildSettings = {
				CLANG_ANALYZER_NONNULL = YES;
				CLANG_WARN_DOCUMENTATION_COMMENTS = YES;
				CLANG_WARN_SUSPICIOUS_MOVES = YES;
				DEVELOPMENT_TEAM = XZJ5828M29;
				INFOPLIST_FILE = weatherAdvisorUITests/Info.plist;
				IPHONEOS_DEPLOYMENT_TARGET = 10.0;
				LD_RUNPATH_SEARCH_PATHS = "$(inherited) @executable_path/Frameworks @loader_path/Frameworks";
				PRODUCT_BUNDLE_IDENTIFIER = edu.bsu.jcaustin.weatherAdvisorUITests;
				PRODUCT_NAME = "$(TARGET_NAME)";
				SWIFT_VERSION = 3.0;
				TEST_TARGET_NAME = weatherAdvisor;
			};
			name = Release;
		};
		3F8BF0631DAD6A8700ED1C51 /* Debug */ = {
			isa = XCBuildConfiguration;
			buildSettings = {
				BUNDLE_LOADER = "$(TEST_HOST)";
				CLANG_ANALYZER_NONNULL = YES;
				CLANG_WARN_DOCUMENTATION_COMMENTS = YES;
				CLANG_WARN_SUSPICIOUS_MOVES = YES;
				DEVELOPMENT_TEAM = XZJ5828M29;
				INFOPLIST_FILE = weatherAdvisorTests/Info.plist;
				IPHONEOS_DEPLOYMENT_TARGET = 10.0;
				LD_RUNPATH_SEARCH_PATHS = "$(inherited) @executable_path/Frameworks @loader_path/Frameworks";
				PRODUCT_BUNDLE_IDENTIFIER = edu.bsu.jcaustin.weatherAdvisorTests;
				PRODUCT_NAME = "$(TARGET_NAME)";
				SWIFT_ACTIVE_COMPILATION_CONDITIONS = DEBUG;
				SWIFT_VERSION = 3.0;
				TEST_HOST = "$(BUILT_PRODUCTS_DIR)/weatherAdvisor.app/weatherAdvisor";
			};
			name = Debug;
		};
		3F8BF0641DAD6A8700ED1C51 /* Release */ = {
			isa = XCBuildConfiguration;
			buildSettings = {
				BUNDLE_LOADER = "$(TEST_HOST)";
				CLANG_ANALYZER_NONNULL = YES;
				CLANG_WARN_DOCUMENTATION_COMMENTS = YES;
				CLANG_WARN_SUSPICIOUS_MOVES = YES;
				DEVELOPMENT_TEAM = XZJ5828M29;
				INFOPLIST_FILE = weatherAdvisorTests/Info.plist;
				IPHONEOS_DEPLOYMENT_TARGET = 10.0;
				LD_RUNPATH_SEARCH_PATHS = "$(inherited) @executable_path/Frameworks @loader_path/Frameworks";
				PRODUCT_BUNDLE_IDENTIFIER = edu.bsu.jcaustin.weatherAdvisorTests;
				PRODUCT_NAME = "$(TARGET_NAME)";
				SWIFT_VERSION = 3.0;
				TEST_HOST = "$(BUILT_PRODUCTS_DIR)/weatherAdvisor.app/weatherAdvisor";
			};
			name = Release;
		};
		3FF7DE1B1BC0282E00206E0C /* Debug */ = {
			isa = XCBuildConfiguration;
			buildSettings = {
				ALWAYS_SEARCH_USER_PATHS = NO;
				CLANG_CXX_LANGUAGE_STANDARD = "gnu++0x";
				CLANG_CXX_LIBRARY = "libc++";
				CLANG_ENABLE_MODULES = YES;
				CLANG_ENABLE_OBJC_ARC = YES;
				CLANG_WARN_BOOL_CONVERSION = YES;
				CLANG_WARN_CONSTANT_CONVERSION = YES;
				CLANG_WARN_DIRECT_OBJC_ISA_USAGE = YES_ERROR;
				CLANG_WARN_EMPTY_BODY = YES;
				CLANG_WARN_ENUM_CONVERSION = YES;
				CLANG_WARN_INFINITE_RECURSION = YES;
				CLANG_WARN_INT_CONVERSION = YES;
				CLANG_WARN_OBJC_ROOT_CLASS = YES_ERROR;
				CLANG_WARN_SUSPICIOUS_MOVE = YES;
				CLANG_WARN_UNREACHABLE_CODE = YES;
				CLANG_WARN__DUPLICATE_METHOD_MATCH = YES;
				"CODE_SIGN_IDENTITY[sdk=iphoneos*]" = "iPhone Developer";
				COPY_PHASE_STRIP = NO;
				DEBUG_INFORMATION_FORMAT = dwarf;
				ENABLE_STRICT_OBJC_MSGSEND = YES;
				ENABLE_TESTABILITY = YES;
				GCC_C_LANGUAGE_STANDARD = gnu99;
				GCC_DYNAMIC_NO_PIC = NO;
				GCC_NO_COMMON_BLOCKS = YES;
				GCC_OPTIMIZATION_LEVEL = 0;
				GCC_PREPROCESSOR_DEFINITIONS = (
					"DEBUG=1",
					"$(inherited)",
				);
				GCC_WARN_64_TO_32_BIT_CONVERSION = YES;
				GCC_WARN_ABOUT_RETURN_TYPE = YES_ERROR;
				GCC_WARN_UNDECLARED_SELECTOR = YES;
				GCC_WARN_UNINITIALIZED_AUTOS = YES_AGGRESSIVE;
				GCC_WARN_UNUSED_FUNCTION = YES;
				GCC_WARN_UNUSED_VARIABLE = YES;
				IPHONEOS_DEPLOYMENT_TARGET = 9.0;
				MTL_ENABLE_DEBUG_INFO = YES;
				ONLY_ACTIVE_ARCH = YES;
				SDKROOT = iphoneos;
				SWIFT_OPTIMIZATION_LEVEL = "-Onone";
				TARGETED_DEVICE_FAMILY = "1,2";
			};
			name = Debug;
		};
		3FF7DE1C1BC0282E00206E0C /* Release */ = {
			isa = XCBuildConfiguration;
			buildSettings = {
				ALWAYS_SEARCH_USER_PATHS = NO;
				CLANG_CXX_LANGUAGE_STANDARD = "gnu++0x";
				CLANG_CXX_LIBRARY = "libc++";
				CLANG_ENABLE_MODULES = YES;
				CLANG_ENABLE_OBJC_ARC = YES;
				CLANG_WARN_BOOL_CONVERSION = YES;
				CLANG_WARN_CONSTANT_CONVERSION = YES;
				CLANG_WARN_DIRECT_OBJC_ISA_USAGE = YES_ERROR;
				CLANG_WARN_EMPTY_BODY = YES;
				CLANG_WARN_ENUM_CONVERSION = YES;
				CLANG_WARN_INFINITE_RECURSION = YES;
				CLANG_WARN_INT_CONVERSION = YES;
				CLANG_WARN_OBJC_ROOT_CLASS = YES_ERROR;
				CLANG_WARN_SUSPICIOUS_MOVE = YES;
				CLANG_WARN_UNREACHABLE_CODE = YES;
				CLANG_WARN__DUPLICATE_METHOD_MATCH = YES;
				"CODE_SIGN_IDENTITY[sdk=iphoneos*]" = "iPhone Developer";
				COPY_PHASE_STRIP = NO;
				DEBUG_INFORMATION_FORMAT = "dwarf-with-dsym";
				ENABLE_NS_ASSERTIONS = NO;
				ENABLE_STRICT_OBJC_MSGSEND = YES;
				GCC_C_LANGUAGE_STANDARD = gnu99;
				GCC_NO_COMMON_BLOCKS = YES;
				GCC_WARN_64_TO_32_BIT_CONVERSION = YES;
				GCC_WARN_ABOUT_RETURN_TYPE = YES_ERROR;
				GCC_WARN_UNDECLARED_SELECTOR = YES;
				GCC_WARN_UNINITIALIZED_AUTOS = YES_AGGRESSIVE;
				GCC_WARN_UNUSED_FUNCTION = YES;
				GCC_WARN_UNUSED_VARIABLE = YES;
				IPHONEOS_DEPLOYMENT_TARGET = 9.0;
				MTL_ENABLE_DEBUG_INFO = NO;
				SDKROOT = iphoneos;
				SWIFT_OPTIMIZATION_LEVEL = "-Owholemodule";
				TARGETED_DEVICE_FAMILY = "1,2";
				VALIDATE_PRODUCT = YES;
			};
			name = Release;
		};
		3FF7DE1E1BC0282E00206E0C /* Debug */ = {
			isa = XCBuildConfiguration;
			buildSettings = {
				ASSETCATALOG_COMPILER_APPICON_NAME = AppIcon;
				INFOPLIST_FILE = weatherAdvisor/Info.plist;
				LD_RUNPATH_SEARCH_PATHS = "$(inherited) @executable_path/Frameworks";
				PRODUCT_BUNDLE_IDENTIFIER = edu.bsu.jcaustin.weatherAdvisor;
				PRODUCT_NAME = "$(TARGET_NAME)";
				SWIFT_VERSION = 3.0;
			};
			name = Debug;
		};
		3FF7DE1F1BC0282E00206E0C /* Release */ = {
			isa = XCBuildConfiguration;
			buildSettings = {
				ASSETCATALOG_COMPILER_APPICON_NAME = AppIcon;
				INFOPLIST_FILE = weatherAdvisor/Info.plist;
				LD_RUNPATH_SEARCH_PATHS = "$(inherited) @executable_path/Frameworks";
				PRODUCT_BUNDLE_IDENTIFIER = edu.bsu.jcaustin.weatherAdvisor;
				PRODUCT_NAME = "$(TARGET_NAME)";
				SWIFT_VERSION = 3.0;
			};
			name = Release;
		};
/* End XCBuildConfiguration section */

/* Begin XCConfigurationList section */
		3F6326301DAD962600259BB3 /* Build configuration list for PBXNativeTarget "weatherAdvisorUITests" */ = {
			isa = XCConfigurationList;
			buildConfigurations = (
				3F63262E1DAD962600259BB3 /* Debug */,
				3F63262F1DAD962600259BB3 /* Release */,
			);
			defaultConfigurationIsVisible = 0;
		};
		3F8BF0621DAD6A8700ED1C51 /* Build configuration list for PBXNativeTarget "weatherAdvisorTests" */ = {
			isa = XCConfigurationList;
			buildConfigurations = (
				3F8BF0631DAD6A8700ED1C51 /* Debug */,
				3F8BF0641DAD6A8700ED1C51 /* Release */,
			);
			defaultConfigurationIsVisible = 0;
			defaultConfigurationName = Release;
		};
		3FF7DE061BC0282E00206E0C /* Build configuration list for PBXProject "weatherAdvisor" */ = {
			isa = XCConfigurationList;
			buildConfigurations = (
				3FF7DE1B1BC0282E00206E0C /* Debug */,
				3FF7DE1C1BC0282E00206E0C /* Release */,
			);
			defaultConfigurationIsVisible = 0;
			defaultConfigurationName = Release;
		};
		3FF7DE1D1BC0282E00206E0C /* Build configuration list for PBXNativeTarget "weatherAdvisor" */ = {
			isa = XCConfigurationList;
			buildConfigurations = (
				3FF7DE1E1BC0282E00206E0C /* Debug */,
				3FF7DE1F1BC0282E00206E0C /* Release */,
			);
			defaultConfigurationIsVisible = 0;
			defaultConfigurationName = Release;
		};
/* End XCConfigurationList section */
	};
	rootObject = 3FF7DE031BC0282E00206E0C /* Project object */;
}
